# THIS IS AN AUTOGENERATED FILE. DO NOT EDIT THIS FILE DIRECTLY.
# yarn lockfile v1


xhook@^1.4.9:
  version "1.4.9"
  resolved "https://registry.yarnpkg.com/xhook/-/xhook-1.4.9.tgz#5ebca6c7f239003c311b746b889081a82e9d4e78"
  integrity sha512-7uGTRzCO1nMNtzClV0LHSo13vKlr7J9JE6njIMWHDSoub6MLOmam2OgZJESTvGjZpW68gnD69vlRipB6cjM0dg==
